
Microsoft Visual Studio Solution File, Format Version 12.00
# Visual Studio Version 17
VisualStudioVersion = 17.14.36518.9 d17.14
MinimumVisualStudioVersion = 10.0.40219.1
Project("{888888A0-9F3D-457C-B088-3A5042F75D52}") = "PNSC", "PNSC.pyproj", "{1F3915AA-C5C5-40DB-8F4C-50098A0E4740}"
EndProject
Global
	GlobalSection(SolutionConfigurationPlatforms) = preSolution
		Debug|Any CPU = Debug|Any CPU
		Release|Any CPU = Release|Any CPU
	EndGlobalSection
	GlobalSection(ProjectConfigurationPlatforms) = postSolution
		{1F3915AA-C5C5-40DB-8F4C-50098A0E4740}.Debug|Any CPU.ActiveCfg = Debug|Any CPU
		{1F3915AA-C5C5-40DB-8F4C-50098A0E4740}.Release|Any CPU.ActiveCfg = Release|Any CPU
	EndGlobalSection
	GlobalSection(SolutionProperties) = preSolution
		HideSolutionNode = FALSE
	EndGlobalSection
	GlobalSection(ExtensibilityGlobals) = postSolution
		SolutionGuid = {04D84156-646A-4E26-A374-14C14FE99FCF}
	EndGlobalSection
EndGlobal
